
Microsoft Visual Studio Solution File, Format Version 12.00
# Visual Studio 14
VisualStudioVersion = 14.0.25420.1
MinimumVisualStudioVersion = 10.0.40219.1
Project("{FAE04EC0-301F-11D3-BF4B-00C04F79EFBC}") = "Week666", "Week666\Week666.csproj", "{C07D5C55-8F63-4471-9558-E83529BEB4AB}"
EndProject
Project("{FAE04EC0-301F-11D3-BF4B-00C04F79EFBC}") = "Opdr2", "Opdr2\Opdr2.csproj", "{4F565A77-5D3D-4701-B125-CFB5F4A73AB9}"
EndProject
Project("{FAE04EC0-301F-11D3-BF4B-00C04F79EFBC}") = "Opdr3", "Opdr3\Opdr3.csproj", "{FC8795E6-6430-4D44-BF39-C680C074F93A}"
EndProject
Global
	GlobalSection(SolutionConfigurationPlatforms) = preSolution
		Debug|Any CPU = Debug|Any CPU
		Release|Any CPU = Release|Any CPU
	EndGlobalSection
	GlobalSection(ProjectConfigurationPlatforms) = postSolution
		{C07D5C55-8F63-4471-9558-E83529BEB4AB}.Debug|Any CPU.ActiveCfg = Debug|Any CPU
		{C07D5C55-8F63-4471-9558-E83529BEB4AB}.Debug|Any CPU.Build.0 = Debug|Any CPU
		{C07D5C55-8F63-4471-9558-E83529BEB4AB}.Release|Any CPU.ActiveCfg = Release|Any CPU
		{C07D5C55-8F63-4471-9558-E83529BEB4AB}.Release|Any CPU.Build.0 = Release|Any CPU
		{4F565A77-5D3D-4701-B125-CFB5F4A73AB9}.Debug|Any CPU.ActiveCfg = Debug|Any CPU
		{4F565A77-5D3D-4701-B125-CFB5F4A73AB9}.Debug|Any CPU.Build.0 = Debug|Any CPU
		{4F565A77-5D3D-4701-B125-CFB5F4A73AB9}.Release|Any CPU.ActiveCfg = Release|Any CPU
		{4F565A77-5D3D-4701-B125-CFB5F4A73AB9}.Release|Any CPU.Build.0 = Release|Any CPU
		{FC8795E6-6430-4D44-BF39-C680C074F93A}.Debug|Any CPU.ActiveCfg = Debug|Any CPU
		{FC8795E6-6430-4D44-BF39-C680C074F93A}.Debug|Any CPU.Build.0 = Debug|Any CPU
		{FC8795E6-6430-4D44-BF39-C680C074F93A}.Release|Any CPU.ActiveCfg = Release|Any CPU
		{FC8795E6-6430-4D44-BF39-C680C074F93A}.Release|Any CPU.Build.0 = Release|Any CPU
	EndGlobalSection
	GlobalSection(SolutionProperties) = preSolution
		HideSolutionNode = FALSE
	EndGlobalSection
EndGlobal
